
Microsoft Visual Studio Solution File, Format Version 12.00
# Visual Studio 15
VisualStudioVersion = 15.0.28307.136
MinimumVisualStudioVersion = 10.0.40219.1
Project("{FAE04EC0-301F-11D3-BF4B-00C04F79EFBC}") = "App46", "App46\App46.csproj", "{436F7278-DE07-48C1-AEE4-18B6AF3A2205}"
EndProject
Project("{FAE04EC0-301F-11D3-BF4B-00C04F79EFBC}") = "AppCore", "AppCore\AppCore.csproj", "{DDD1BC6C-B10C-44CB-97C6-CE32D13F7351}"
EndProject
Project("{FAE04EC0-301F-11D3-BF4B-00C04F79EFBC}") = "LibSharedMulti", "LibSharedMulti\LibSharedMulti.csproj", "{AE6D1CFF-37C5-4CCE-ACA9-9009925FF4ED}"
EndProject
Global
	GlobalSection(SolutionConfigurationPlatforms) = preSolution
		Debug|Any CPU = Debug|Any CPU
		Release|Any CPU = Release|Any CPU
	EndGlobalSection
	GlobalSection(ProjectConfigurationPlatforms) = postSolution
		{436F7278-DE07-48C1-AEE4-18B6AF3A2205}.Debug|Any CPU.ActiveCfg = Debug|Any CPU
		{436F7278-DE07-48C1-AEE4-18B6AF3A2205}.Debug|Any CPU.Build.0 = Debug|Any CPU
		{436F7278-DE07-48C1-AEE4-18B6AF3A2205}.Release|Any CPU.ActiveCfg = Release|Any CPU
		{436F7278-DE07-48C1-AEE4-18B6AF3A2205}.Release|Any CPU.Build.0 = Release|Any CPU
		{DDD1BC6C-B10C-44CB-97C6-CE32D13F7351}.Debug|Any CPU.ActiveCfg = Debug|Any CPU
		{DDD1BC6C-B10C-44CB-97C6-CE32D13F7351}.Debug|Any CPU.Build.0 = Debug|Any CPU
		{DDD1BC6C-B10C-44CB-97C6-CE32D13F7351}.Release|Any CPU.ActiveCfg = Release|Any CPU
		{DDD1BC6C-B10C-44CB-97C6-CE32D13F7351}.Release|Any CPU.Build.0 = Release|Any CPU
		{AE6D1CFF-37C5-4CCE-ACA9-9009925FF4ED}.Debug|Any CPU.ActiveCfg = Debug|Any CPU
		{AE6D1CFF-37C5-4CCE-ACA9-9009925FF4ED}.Debug|Any CPU.Build.0 = Debug|Any CPU
		{AE6D1CFF-37C5-4CCE-ACA9-9009925FF4ED}.Release|Any CPU.ActiveCfg = Release|Any CPU
		{AE6D1CFF-37C5-4CCE-ACA9-9009925FF4ED}.Release|Any CPU.Build.0 = Release|Any CPU
	EndGlobalSection
	GlobalSection(SolutionProperties) = preSolution
		HideSolutionNode = FALSE
	EndGlobalSection
	GlobalSection(ExtensibilityGlobals) = postSolution
		SolutionGuid = {C38DAC21-87C0-422F-8B10-703F2D291242}
	EndGlobalSection
EndGlobal
